// !$*UTF8*$!
{
	archiveVersion = 1;
	classes = {
	};
	objectVersion = 56;
	objects = {

/* Begin PBXBuildFile section */
		A22501A429DB1199002B318D /* AppDelegate.swift in Sources */ = {isa = PBXBuildFile; fileRef = A22501A329DB1199002B318D /* AppDelegate.swift */; };
		A22501A629DB1199002B318D /* SceneDelegate.swift in Sources */ = {isa = PBXBuildFile; fileRef = A22501A529DB1199002B318D /* SceneDelegate.swift */; };
		A22501A829DB1199002B318D /* ViewController.swift in Sources */ = {isa = PBXBuildFile; fileRef = A22501A729DB1199002B318D /* ViewController.swift */; };
		A22501AB29DB1199002B318D /* Main.storyboard in Resources */ = {isa = PBXBuildFile; fileRef = A22501A929DB1199002B318D /* Main.storyboard */; };
		A22501AE29DB1199002B318D /* NewsApp.xcdatamodeld in Sources */ = {isa = PBXBuildFile; fileRef = A22501AC29DB1199002B318D /* NewsApp.xcdatamodeld */; };
		A22501B029DB119A002B318D /* Assets.xcassets in Resources */ = {isa = PBXBuildFile; fileRef = A22501AF29DB119A002B318D /* Assets.xcassets */; };
		A22501B329DB119A002B318D /* LaunchScreen.storyboard in Resources */ = {isa = PBXBuildFile; fileRef = A22501B129DB119A002B318D /* LaunchScreen.storyboard */; };
		A24B49BC29DB1F6B00D29721 /* loginViewController.swift in Sources */ = {isa = PBXBuildFile; fileRef = A24B49BB29DB1F6B00D29721 /* loginViewController.swift */; };
		A24B49C329DB294D00D29721 /* contentsViewController.swift in Sources */ = {isa = PBXBuildFile; fileRef = A24B49C229DB294D00D29721 /* contentsViewController.swift */; };
		A24B49C529DB2F5F00D29721 /* apiModel.swift in Sources */ = {isa = PBXBuildFile; fileRef = A24B49C429DB2F5F00D29721 /* apiModel.swift */; };
		A24B49C729DB334700D29721 /* signUpViewController.swift in Sources */ = {isa = PBXBuildFile; fileRef = A24B49C629DB334700D29721 /* signUpViewController.swift */; };
		A24B49C929DB39D800D29721 /* anaSayfaViewController.swift in Sources */ = {isa = PBXBuildFile; fileRef = A24B49C829DB39D800D29721 /* anaSayfaViewController.swift */; };
		A24B49CC29DB3BF500D29721 /* PostCellCollectionViewCell.swift in Sources */ = {isa = PBXBuildFile; fileRef = A24B49CB29DB3BF500D29721 /* PostCellCollectionViewCell.swift */; };
		A289B24229DC4C95003EE3DF /* customizeViewController.swift in Sources */ = {isa = PBXBuildFile; fileRef = A289B24129DC4C95003EE3DF /* customizeViewController.swift */; };
		A289B24629DC65BB003EE3DF /* CustomCellCollectionViewCell.swift in Sources */ = {isa = PBXBuildFile; fileRef = A289B24529DC65BB003EE3DF /* CustomCellCollectionViewCell.swift */; };
		A289B24829DDAA43003EE3DF /* GoogleService-Info.plist in Resources */ = {isa = PBXBuildFile; fileRef = A289B24729DDAA43003EE3DF /* GoogleService-Info.plist */; };
		A289B24A29DDBA08003EE3DF /* NewsInfoViewController.swift in Sources */ = {isa = PBXBuildFile; fileRef = A289B24929DDBA08003EE3DF /* NewsInfoViewController.swift */; };
		A29E393329E6DEC100F90FCD /* settingsViewController.swift in Sources */ = {isa = PBXBuildFile; fileRef = A29E393229E6DEC100F90FCD /* settingsViewController.swift */; };
		A29E393629E6DF4E00F90FCD /* headerTitleCell.swift in Sources */ = {isa = PBXBuildFile; fileRef = A29E393429E6DF4E00F90FCD /* headerTitleCell.swift */; };
		A29E393729E6DF4E00F90FCD /* headerTitleCell.xib in Resources */ = {isa = PBXBuildFile; fileRef = A29E393529E6DF4E00F90FCD /* headerTitleCell.xib */; };
		A29E393929E6EF7100F90FCD /* changeViewController.swift in Sources */ = {isa = PBXBuildFile; fileRef = A29E393829E6EF7100F90FCD /* changeViewController.swift */; };
		A2D28AC629E2E4E300216DE9 /* registerNewsViewController.swift in Sources */ = {isa = PBXBuildFile; fileRef = A2D28AC529E2E4E300216DE9 /* registerNewsViewController.swift */; };
		A2D28ACA29E2EB8A00216DE9 /* registerNewsCollectionViewCell.swift in Sources */ = {isa = PBXBuildFile; fileRef = A2D28AC929E2EB8A00216DE9 /* registerNewsCollectionViewCell.swift */; };
		A2D28ACE29E3010D00216DE9 /* items.swift in Sources */ = {isa = PBXBuildFile; fileRef = A2D28ACD29E3010D00216DE9 /* items.swift */; };
		E33719B87ADF108A892A4DB5 /* Pods_NewsApp.framework in Frameworks */ = {isa = PBXBuildFile; fileRef = A89DDD90E98A3C30947D9DDF /* Pods_NewsApp.framework */; };
/* End PBXBuildFile section */

/* Begin PBXFileReference section */
		677D1BA7087D70DCA313D02A /* Pods-NewsApp.debug.xcconfig */ = {isa = PBXFileReference; includeInIndex = 1; lastKnownFileType = text.xcconfig; name = "Pods-NewsApp.debug.xcconfig"; path = "Target Support Files/Pods-NewsApp/Pods-NewsApp.debug.xcconfig"; sourceTree = "<group>"; };
		73A7616147D989865A816FB7 /* Pods-NewsApp.release.xcconfig */ = {isa = PBXFileReference; includeInIndex = 1; lastKnownFileType = text.xcconfig; name = "Pods-NewsApp.release.xcconfig"; path = "Target Support Files/Pods-NewsApp/Pods-NewsApp.release.xcconfig"; sourceTree = "<group>"; };
		A22501A029DB1199002B318D /* NewsApp.app */ = {isa = PBXFileReference; explicitFileType = wrapper.application; includeInIndex = 0; path = NewsApp.app; sourceTree = BUILT_PRODUCTS_DIR; };
		A22501A329DB1199002B318D /* AppDelegate.swift */ = {isa = PBXFileReference; lastKnownFileType = sourcecode.swift; path = AppDelegate.swift; sourceTree = "<group>"; };
		A22501A529DB1199002B318D /* SceneDelegate.swift */ = {isa = PBXFileReference; lastKnownFileType = sourcecode.swift; path = SceneDelegate.swift; sourceTree = "<group>"; };
		A22501A729DB1199002B318D /* ViewController.swift */ = {isa = PBXFileReference; lastKnownFileType = sourcecode.swift; path = ViewController.swift; sourceTree = "<group>"; };
		A22501AA29DB1199002B318D /* Base */ = {isa = PBXFileReference; lastKnownFileType = file.storyboard; name = Base; path = Base.lproj/Main.storyboard; sourceTree = "<group>"; };
		A22501AD29DB1199002B318D /* NewsApp.xcdatamodel */ = {isa = PBXFileReference; lastKnownFileType = wrapper.xcdatamodel; path = NewsApp.xcdatamodel; sourceTree = "<group>"; };
		A22501AF29DB119A002B318D /* Assets.xcassets */ = {isa = PBXFileReference; lastKnownFileType = folder.assetcatalog; path = Assets.xcassets; sourceTree = "<group>"; };
		A22501B229DB119A002B318D /* Base */ = {isa = PBXFileReference; lastKnownFileType = file.storyboard; name = Base; path = Base.lproj/LaunchScreen.storyboard; sourceTree = "<group>"; };
		A22501B429DB119A002B318D /* Info.plist */ = {isa = PBXFileReference; lastKnownFileType = text.plist.xml; path = Info.plist; sourceTree = "<group>"; };
		A24B49BB29DB1F6B00D29721 /* loginViewController.swift */ = {isa = PBXFileReference; lastKnownFileType = sourcecode.swift; path = loginViewController.swift; sourceTree = "<group>"; };
		A24B49C229DB294D00D29721 /* contentsViewController.swift */ = {isa = PBXFileReference; lastKnownFileType = sourcecode.swift; path = contentsViewController.swift; sourceTree = "<group>"; };
		A24B49C429DB2F5F00D29721 /* apiModel.swift */ = {isa = PBXFileReference; lastKnownFileType = sourcecode.swift; path = apiModel.swift; sourceTree = "<group>"; };
		A24B49C629DB334700D29721 /* signUpViewController.swift */ = {isa = PBXFileReference; lastKnownFileType = sourcecode.swift; path = signUpViewController.swift; sourceTree = "<group>"; };
		A24B49C829DB39D800D29721 /* anaSayfaViewController.swift */ = {isa = PBXFileReference; lastKnownFileType = sourcecode.swift; path = anaSayfaViewController.swift; sourceTree = "<group>"; };
		A24B49CB29DB3BF500D29721 /* PostCellCollectionViewCell.swift */ = {isa = PBXFileReference; lastKnownFileType = sourcecode.swift; path = PostCellCollectionViewCell.swift; sourceTree = "<group>"; };
		A289B24129DC4C95003EE3DF /* customizeViewController.swift */ = {isa = PBXFileReference; lastKnownFileType = sourcecode.swift; path = customizeViewController.swift; sourceTree = "<group>"; };
		A289B24529DC65BB003EE3DF /* CustomCellCollectionViewCell.swift */ = {isa = PBXFileReference; lastKnownFileType = sourcecode.swift; path = CustomCellCollectionViewCell.swift; sourceTree = "<group>"; };
		A289B24729DDAA43003EE3DF /* GoogleService-Info.plist */ = {isa = PBXFileReference; fileEncoding = 4; lastKnownFileType = text.plist.xml; path = "GoogleService-Info.plist"; sourceTree = "<group>"; };
		A289B24929DDBA08003EE3DF /* NewsInfoViewController.swift */ = {isa = PBXFileReference; lastKnownFileType = sourcecode.swift; path = NewsInfoViewController.swift; sourceTree = "<group>"; };
		A29E393229E6DEC100F90FCD /* settingsViewController.swift */ = {isa = PBXFileReference; lastKnownFileType = sourcecode.swift; path = settingsViewController.swift; sourceTree = "<group>"; };
		A29E393429E6DF4E00F90FCD /* headerTitleCell.swift */ = {isa = PBXFileReference; lastKnownFileType = sourcecode.swift; path = headerTitleCell.swift; sourceTree = "<group>"; };
		A29E393529E6DF4E00F90FCD /* headerTitleCell.xib */ = {isa = PBXFileReference; lastKnownFileType = file.xib; path = headerTitleCell.xib; sourceTree = "<group>"; };
		A29E393829E6EF7100F90FCD /* changeViewController.swift */ = {isa = PBXFileReference; lastKnownFileType = sourcecode.swift; path = changeViewController.swift; sourceTree = "<group>"; };
		A2D28AC529E2E4E300216DE9 /* registerNewsViewController.swift */ = {isa = PBXFileReference; lastKnownFileType = sourcecode.swift; path = registerNewsViewController.swift; sourceTree = "<group>"; };
		A2D28AC929E2EB8A00216DE9 /* registerNewsCollectionViewCell.swift */ = {isa = PBXFileReference; lastKnownFileType = sourcecode.swift; path = registerNewsCollectionViewCell.swift; sourceTree = "<group>"; };
		A2D28ACD29E3010D00216DE9 /* items.swift */ = {isa = PBXFileReference; lastKnownFileType = sourcecode.swift; path = items.swift; sourceTree = "<group>"; };
		A89DDD90E98A3C30947D9DDF /* Pods_NewsApp.framework */ = {isa = PBXFileReference; explicitFileType = wrapper.framework; includeInIndex = 0; path = Pods_NewsApp.framework; sourceTree = BUILT_PRODUCTS_DIR; };
/* End PBXFileReference section */

/* Begin PBXFrameworksBuildPhase section */
		A225019D29DB1199002B318D /* Frameworks */ = {
			isa = PBXFrameworksBuildPhase;
			buildActionMask = 2147483647;
			files = (
				E33719B87ADF108A892A4DB5 /* Pods_NewsApp.framework in Frameworks */,
			);
			runOnlyForDeploymentPostprocessing = 0;
		};
/* End PBXFrameworksBuildPhase section */

/* Begin PBXGroup section */
		26742B0379DA82D5CB7E72CC /* Frameworks */ = {
			isa = PBXGroup;
			children = (
				A89DDD90E98A3C30947D9DDF /* Pods_NewsApp.framework */,
			);
			name = Frameworks;
			sourceTree = "<group>";
		};
		A225019729DB1199002B318D = {
			isa = PBXGroup;
			children = (
				A22501A229DB1199002B318D /* NewsApp */,
				A22501A129DB1199002B318D /* Products */,
				D74527332ED452DC7EE427AD /* Pods */,
				26742B0379DA82D5CB7E72CC /* Frameworks */,
			);
			sourceTree = "<group>";
		};
		A22501A129DB1199002B318D /* Products */ = {
			isa = PBXGroup;
			children = (
				A22501A029DB1199002B318D /* NewsApp.app */,
			);
			name = Products;
			sourceTree = "<group>";
		};
		A22501A229DB1199002B318D /* NewsApp */ = {
			isa = PBXGroup;
			children = (
				A2E2D8F929DEE80F006EFF5B /* Model */,
				A24B49CA29DB3BDB00D29721 /* collectionViewCell */,
				A24B49C029DB28F900D29721 /* Controller */,
				A22501A329DB1199002B318D /* AppDelegate.swift */,
				A22501A529DB1199002B318D /* SceneDelegate.swift */,
				A22501A929DB1199002B318D /* Main.storyboard */,
				A22501AF29DB119A002B318D /* Assets.xcassets */,
				A22501B129DB119A002B318D /* LaunchScreen.storyboard */,
				A22501B429DB119A002B318D /* Info.plist */,
				A22501AC29DB1199002B318D /* NewsApp.xcdatamodeld */,
				A289B24729DDAA43003EE3DF /* GoogleService-Info.plist */,
			);
			path = NewsApp;
			sourceTree = "<group>";
		};
		A24B49C029DB28F900D29721 /* Controller */ = {
			isa = PBXGroup;
			children = (
				A24B49BB29DB1F6B00D29721 /* loginViewController.swift */,
				A22501A729DB1199002B318D /* ViewController.swift */,
				A24B49C229DB294D00D29721 /* contentsViewController.swift */,
				A24B49C629DB334700D29721 /* signUpViewController.swift */,
				A24B49C829DB39D800D29721 /* anaSayfaViewController.swift */,
				A289B24129DC4C95003EE3DF /* customizeViewController.swift */,
				A289B24929DDBA08003EE3DF /* NewsInfoViewController.swift */,
				A2D28AC529E2E4E300216DE9 /* registerNewsViewController.swift */,
				A29E393229E6DEC100F90FCD /* settingsViewController.swift */,
				A29E393829E6EF7100F90FCD /* changeViewController.swift */,
			);
			path = Controller;
			sourceTree = "<group>";
		};
		A24B49CA29DB3BDB00D29721 /* collectionViewCell */ = {
			isa = PBXGroup;
			children = (
				A24B49CB29DB3BF500D29721 /* PostCellCollectionViewCell.swift */,
				A289B24529DC65BB003EE3DF /* CustomCellCollectionViewCell.swift */,
				A2D28AC929E2EB8A00216DE9 /* registerNewsCollectionViewCell.swift */,
				A29E393429E6DF4E00F90FCD /* headerTitleCell.swift */,
				A29E393529E6DF4E00F90FCD /* headerTitleCell.xib */,
			);
			path = collectionViewCell;
			sourceTree = "<group>";
		};
		A2E2D8F929DEE80F006EFF5B /* Model */ = {
			isa = PBXGroup;
			children = (
				A24B49C429DB2F5F00D29721 /* apiModel.swift */,
				A2D28ACD29E3010D00216DE9 /* items.swift */,
			);
			path = Model;
			sourceTree = "<group>";
		};
		D74527332ED452DC7EE427AD /* Pods */ = {
			isa = PBXGroup;
			children = (
				677D1BA7087D70DCA313D02A /* Pods-NewsApp.debug.xcconfig */,
				73A7616147D989865A816FB7 /* Pods-NewsApp.release.xcconfig */,
			);
			path = Pods;
			sourceTree = "<group>";
		};
/* End PBXGroup section */

/* Begin PBXNativeTarget section */
		A225019F29DB1199002B318D /* NewsApp */ = {
			isa = PBXNativeTarget;
			buildConfigurationList = A22501B729DB119A002B318D /* Build configuration list for PBXNativeTarget "NewsApp" */;
			buildPhases = (
				5896D4F6C404149186CCEE24 /* [CP] Check Pods Manifest.lock */,
				A225019C29DB1199002B318D /* Sources */,
				A225019D29DB1199002B318D /* Frameworks */,
				A225019E29DB1199002B318D /* Resources */,
				DA17A786D7F9C1F593D2C557 /* [CP] Embed Pods Frameworks */,
			);
			buildRules = (
			);
			dependencies = (
			);
			name = NewsApp;
			productName = NewsApp;
			productReference = A22501A029DB1199002B318D /* NewsApp.app */;
			productType = "com.apple.product-type.application";
		};
/* End PBXNativeTarget section */

/* Begin PBXProject section */
		A225019829DB1199002B318D /* Project object */ = {
			isa = PBXProject;
			attributes = {
				BuildIndependentTargetsInParallel = 1;
				LastSwiftUpdateCheck = 1420;
				LastUpgradeCheck = 1420;
				TargetAttributes = {
					A225019F29DB1199002B318D = {
						CreatedOnToolsVersion = 14.2;
					};
				};
			};
			buildConfigurationList = A225019B29DB1199002B318D /* Build configuration list for PBXProject "NewsApp" */;
			compatibilityVersion = "Xcode 14.0";
			developmentRegion = en;
			hasScannedForEncodings = 0;
			knownRegions = (
				en,
				Base,
			);
			mainGroup = A225019729DB1199002B318D;
			productRefGroup = A22501A129DB1199002B318D /* Products */;
			projectDirPath = "";
			projectRoot = "";
			targets = (
				A225019F29DB1199002B318D /* NewsApp */,
			);
		};
/* End PBXProject section */

/* Begin PBXResourcesBuildPhase section */
		A225019E29DB1199002B318D /* Resources */ = {
			isa = PBXResourcesBuildPhase;
			buildActionMask = 2147483647;
			files = (
				A22501B329DB119A002B318D /* LaunchScreen.storyboard in Resources */,
				A289B24829DDAA43003EE3DF /* GoogleService-Info.plist in Resources */,
				A22501B029DB119A002B318D /* Assets.xcassets in Resources */,
				A22501AB29DB1199002B318D /* Main.storyboard in Resources */,
				A29E393729E6DF4E00F90FCD /* headerTitleCell.xib in Resources */,
			);
			runOnlyForDeploymentPostprocessing = 0;
		};
/* End PBXResourcesBuildPhase section */

/* Begin PBXShellScriptBuildPhase section */
		5896D4F6C404149186CCEE24 /* [CP] Check Pods Manifest.lock */ = {
			isa = PBXShellScriptBuildPhase;
			buildActionMask = 2147483647;
			files = (
			);
			inputFileListPaths = (
			);
			inputPaths = (
				"${PODS_PODFILE_DIR_PATH}/Podfile.lock",
				"${PODS_ROOT}/Manifest.lock",
			);
			name = "[CP] Check Pods Manifest.lock";
			outputFileListPaths = (
			);
			outputPaths = (
				"$(DERIVED_FILE_DIR)/Pods-NewsApp-checkManifestLockResult.txt",
			);
			runOnlyForDeploymentPostprocessing = 0;
			shellPath = /bin/sh;
			shellScript = "diff \"${PODS_PODFILE_DIR_PATH}/Podfile.lock\" \"${PODS_ROOT}/Manifest.lock\" > /dev/null\nif [ $? != 0 ] ; then\n    # print error to STDERR\n    echo \"error: The sandbox is not in sync with the Podfile.lock. Run 'pod install' or update your CocoaPods installation.\" >&2\n    exit 1\nfi\n# This output is used by Xcode 'outputs' to avoid re-running this script phase.\necho \"SUCCESS\" > \"${SCRIPT_OUTPUT_FILE_0}\"\n";
			showEnvVarsInLog = 0;
		};
		DA17A786D7F9C1F593D2C557 /* [CP] Embed Pods Frameworks */ = {
			isa = PBXShellScriptBuildPhase;
			buildActionMask = 2147483647;
			files = (
			);
			inputFileListPaths = (
				"${PODS_ROOT}/Target Support Files/Pods-NewsApp/Pods-NewsApp-frameworks-${CONFIGURATION}-input-files.xcfilelist",
			);
			name = "[CP] Embed Pods Frameworks";
			outputFileListPaths = (
				"${PODS_ROOT}/Target Support Files/Pods-NewsApp/Pods-NewsApp-frameworks-${CONFIGURATION}-output-files.xcfilelist",
			);
			runOnlyForDeploymentPostprocessing = 0;
			shellPath = /bin/sh;
			shellScript = "\"${PODS_ROOT}/Target Support Files/Pods-NewsApp/Pods-NewsApp-frameworks.sh\"\n";
			showEnvVarsInLog = 0;
		};
/* End PBXShellScriptBuildPhase section */

/* Begin PBXSourcesBuildPhase section */
		A225019C29DB1199002B318D /* Sources */ = {
			isa = PBXSourcesBuildPhase;
			buildActionMask = 2147483647;
			files = (
				A24B49C929DB39D800D29721 /* anaSayfaViewController.swift in Sources */,
				A24B49C329DB294D00D29721 /* contentsViewController.swift in Sources */,
				A24B49CC29DB3BF500D29721 /* PostCellCollectionViewCell.swift in Sources */,
				A22501A829DB1199002B318D /* ViewController.swift in Sources */,
				A24B49C729DB334700D29721 /* signUpViewController.swift in Sources */,
				A24B49C529DB2F5F00D29721 /* apiModel.swift in Sources */,
				A22501A429DB1199002B318D /* AppDelegate.swift in Sources */,
				A22501AE29DB1199002B318D /* NewsApp.xcdatamodeld in Sources */,
				A2D28ACE29E3010D00216DE9 /* items.swift in Sources */,
				A22501A629DB1199002B318D /* SceneDelegate.swift in Sources */,
				A24B49BC29DB1F6B00D29721 /* loginViewController.swift in Sources */,
				A289B24A29DDBA08003EE3DF /* NewsInfoViewController.swift in Sources */,
				A289B24229DC4C95003EE3DF /* customizeViewController.swift in Sources */,
				A29E393629E6DF4E00F90FCD /* headerTitleCell.swift in Sources */,
				A2D28AC629E2E4E300216DE9 /* registerNewsViewController.swift in Sources */,
				A29E393329E6DEC100F90FCD /* settingsViewController.swift in Sources */,
				A289B24629DC65BB003EE3DF /* CustomCellCollectionViewCell.swift in Sources */,
				A29E393929E6EF7100F90FCD /* changeViewController.swift in Sources */,
				A2D28ACA29E2EB8A00216DE9 /* registerNewsCollectionViewCell.swift in Sources */,
			);
			runOnlyForDeploymentPostprocessing = 0;
		};
/* End PBXSourcesBuildPhase section */

/* Begin PBXVariantGroup section */
		A22501A929DB1199002B318D /* Main.storyboard */ = {
			isa = PBXVariantGroup;
			children = (
				A22501AA29DB1199002B318D /* Base */,
			);
			name = Main.storyboard;
			sourceTree = "<group>";
		};
		A22501B129DB119A002B318D /* LaunchScreen.storyboard */ = {
			isa = PBXVariantGroup;
			children = (
				A22501B229DB119A002B318D /* Base */,
			);
			name = LaunchScreen.storyboard;
			sourceTree = "<group>";
		};
/* End PBXVariantGroup section */

/* Begin XCBuildConfiguration section */
		A22501B529DB119A002B318D /* Debug */ = {
			isa = XCBuildConfiguration;
			buildSettings = {
				ALWAYS_SEARCH_USER_PATHS = NO;
				CLANG_ANALYZER_NONNULL = YES;
				CLANG_ANALYZER_NUMBER_OBJECT_CONVERSION = YES_AGGRESSIVE;
				CLANG_CXX_LANGUAGE_STANDARD = "gnu++20";
				CLANG_ENABLE_MODULES = YES;
				CLANG_ENABLE_OBJC_ARC = YES;
				CLANG_ENABLE_OBJC_WEAK = YES;
				CLANG_WARN_BLOCK_CAPTURE_AUTORELEASING = YES;
				CLANG_WARN_BOOL_CONVERSION = YES;
				CLANG_WARN_COMMA = YES;
				CLANG_WARN_CONSTANT_CONVERSION = YES;
				CLANG_WARN_DEPRECATED_OBJC_IMPLEMENTATIONS = YES;
				CLANG_WARN_DIRECT_OBJC_ISA_USAGE = YES_ERROR;
				CLANG_WARN_DOCUMENTATION_COMMENTS = YES;
				CLANG_WARN_EMPTY_BODY = YES;
				CLANG_WARN_ENUM_CONVERSION = YES;
				CLANG_WARN_INFINITE_RECURSION = YES;
				CLANG_WARN_INT_CONVERSION = YES;
				CLANG_WARN_NON_LITERAL_NULL_CONVERSION = YES;
				CLANG_WARN_OBJC_IMPLICIT_RETAIN_SELF = YES;
				CLANG_WARN_OBJC_LITERAL_CONVERSION = YES;
				CLANG_WARN_OBJC_ROOT_CLASS = YES_ERROR;
				CLANG_WARN_QUOTED_INCLUDE_IN_FRAMEWORK_HEADER = YES;
				CLANG_WARN_RANGE_LOOP_ANALYSIS = YES;
				CLANG_WARN_STRICT_PROTOTYPES = YES;
				CLANG_WARN_SUSPICIOUS_MOVE = YES;
				CLANG_WARN_UNGUARDED_AVAILABILITY = YES_AGGRESSIVE;
				CLANG_WARN_UNREACHABLE_CODE = YES;
				CLANG_WARN__DUPLICATE_METHOD_MATCH = YES;
				COPY_PHASE_STRIP = NO;
				DEBUG_INFORMATION_FORMAT = dwarf;
				ENABLE_STRICT_OBJC_MSGSEND = YES;
				ENABLE_TESTABILITY = YES;
				GCC_C_LANGUAGE_STANDARD = gnu11;
				GCC_DYNAMIC_NO_PIC = NO;
				GCC_NO_COMMON_BLOCKS = YES;
				GCC_OPTIMIZATION_LEVEL = 0;
				GCC_PREPROCESSOR_DEFINITIONS = (
					"DEBUG=1",
					"$(inherited)",
				);
				GCC_WARN_64_TO_32_BIT_CONVERSION = YES;
				GCC_WARN_ABOUT_RETURN_TYPE = YES_ERROR;
				GCC_WARN_UNDECLARED_SELECTOR = YES;
				GCC_WARN_UNINITIALIZED_AUTOS = YES_AGGRESSIVE;
				GCC_WARN_UNUSED_FUNCTION = YES;
				GCC_WARN_UNUSED_VARIABLE = YES;
				IPHONEOS_DEPLOYMENT_TARGET = 16.2;
				MTL_ENABLE_DEBUG_INFO = INCLUDE_SOURCE;
				MTL_FAST_MATH = YES;
				ONLY_ACTIVE_ARCH = YES;
				SDKROOT = iphoneos;
				SWIFT_ACTIVE_COMPILATION_CONDITIONS = DEBUG;
				SWIFT_OPTIMIZATION_LEVEL = "-Onone";
			};
			name = Debug;
		};
		A22501B629DB119A002B318D /* Release */ = {
			isa = XCBuildConfiguration;
			buildSettings = {
				ALWAYS_SEARCH_USER_PATHS = NO;
				CLANG_ANALYZER_NONNULL = YES;
				CLANG_ANALYZER_NUMBER_OBJECT_CONVERSION = YES_AGGRESSIVE;
				CLANG_CXX_LANGUAGE_STANDARD = "gnu++20";
				CLANG_ENABLE_MODULES = YES;
				CLANG_ENABLE_OBJC_ARC = YES;
				CLANG_ENABLE_OBJC_WEAK = YES;
				CLANG_WARN_BLOCK_CAPTURE_AUTORELEASING = YES;
				CLANG_WARN_BOOL_CONVERSION = YES;
				CLANG_WARN_COMMA = YES;
				CLANG_WARN_CONSTANT_CONVERSION = YES;
				CLANG_WARN_DEPRECATED_OBJC_IMPLEMENTATIONS = YES;
				CLANG_WARN_DIRECT_OBJC_ISA_USAGE = YES_ERROR;
				CLANG_WARN_DOCUMENTATION_COMMENTS = YES;
				CLANG_WARN_EMPTY_BODY = YES;
				CLANG_WARN_ENUM_CONVERSION = YES;
				CLANG_WARN_INFINITE_RECURSION = YES;
				CLANG_WARN_INT_CONVERSION = YES;
				CLANG_WARN_NON_LITERAL_NULL_CONVERSION = YES;
				CLANG_WARN_OBJC_IMPLICIT_RETAIN_SELF = YES;
				CLANG_WARN_OBJC_LITERAL_CONVERSION = YES;
				CLANG_WARN_OBJC_ROOT_CLASS = YES_ERROR;
				CLANG_WARN_QUOTED_INCLUDE_IN_FRAMEWORK_HEADER = YES;
				CLANG_WARN_RANGE_LOOP_ANALYSIS = YES;
				CLANG_WARN_STRICT_PROTOTYPES = YES;
				CLANG_WARN_SUSPICIOUS_MOVE = YES;
				CLANG_WARN_UNGUARDED_AVAILABILITY = YES_AGGRESSIVE;
				CLANG_WARN_UNREACHABLE_CODE = YES;
				CLANG_WARN__DUPLICATE_METHOD_MATCH = YES;
				COPY_PHASE_STRIP = NO;
				DEBUG_INFORMATION_FORMAT = "dwarf-with-dsym";
				ENABLE_NS_ASSERTIONS = NO;
				ENABLE_STRICT_OBJC_MSGSEND = YES;
				GCC_C_LANGUAGE_STANDARD = gnu11;
				GCC_NO_COMMON_BLOCKS = YES;
				GCC_WARN_64_TO_32_BIT_CONVERSION = YES;
				GCC_WARN_ABOUT_RETURN_TYPE = YES_ERROR;
				GCC_WARN_UNDECLARED_SELECTOR = YES;
				GCC_WARN_UNINITIALIZED_AUTOS = YES_AGGRESSIVE;
				GCC_WARN_UNUSED_FUNCTION = YES;
				GCC_WARN_UNUSED_VARIABLE = YES;
				IPHONEOS_DEPLOYMENT_TARGET = 16.2;
				MTL_ENABLE_DEBUG_INFO = NO;
				MTL_FAST_MATH = YES;
				SDKROOT = iphoneos;
				SWIFT_COMPILATION_MODE = wholemodule;
				SWIFT_OPTIMIZATION_LEVEL = "-O";
				VALIDATE_PRODUCT = YES;
			};
			name = Release;
		};
		A22501B829DB119A002B318D /* Debug */ = {
			isa = XCBuildConfiguration;
			baseConfigurationReference = 677D1BA7087D70DCA313D02A /* Pods-NewsApp.debug.xcconfig */;
			buildSettings = {
				ASSETCATALOG_COMPILER_APPICON_NAME = AppIcon;
				ASSETCATALOG_COMPILER_GLOBAL_ACCENT_COLOR_NAME = AccentColor;
				CODE_SIGN_STYLE = Automatic;
				CURRENT_PROJECT_VERSION = 1;
				DEVELOPMENT_TEAM = RN3SC24S4G;
				GENERATE_INFOPLIST_FILE = YES;
				INFOPLIST_FILE = NewsApp/Info.plist;
				INFOPLIST_KEY_UIApplicationSupportsIndirectInputEvents = YES;
				INFOPLIST_KEY_UILaunchStoryboardName = LaunchScreen;
				INFOPLIST_KEY_UIMainStoryboardFile = Main;
				INFOPLIST_KEY_UISupportedInterfaceOrientations_iPad = "UIInterfaceOrientationPortrait UIInterfaceOrientationPortraitUpsideDown UIInterfaceOrientationLandscapeLeft UIInterfaceOrientationLandscapeRight";
				INFOPLIST_KEY_UISupportedInterfaceOrientations_iPhone = "UIInterfaceOrientationPortrait UIInterfaceOrientationLandscapeLeft UIInterfaceOrientationLandscapeRight";
				LD_RUNPATH_SEARCH_PATHS = (
					"$(inherited)",
					"@executable_path/Frameworks",
				);
				MARKETING_VERSION = 1.0;
				PRODUCT_BUNDLE_IDENTIFIER = com.alperenkavuk.NewsApp;
				PRODUCT_NAME = "$(TARGET_NAME)";
				SWIFT_EMIT_LOC_STRINGS = YES;
				SWIFT_VERSION = 5.0;
				TARGETED_DEVICE_FAMILY = "1,2";
			};
			name = Debug;
		};
		A22501B929DB119A002B318D /* Release */ = {
			isa = XCBuildConfiguration;
			baseConfigurationReference = 73A7616147D989865A816FB7 /* Pods-NewsApp.release.xcconfig */;
			buildSettings = {
				ASSETCATALOG_COMPILER_APPICON_NAME = AppIcon;
				ASSETCATALOG_COMPILER_GLOBAL_ACCENT_COLOR_NAME = AccentColor;
				CODE_SIGN_STYLE = Automatic;
				CURRENT_PROJECT_VERSION = 1;
				DEVELOPMENT_TEAM = RN3SC24S4G;
				GENERATE_INFOPLIST_FILE = YES;
				INFOPLIST_FILE = NewsApp/Info.plist;
				INFOPLIST_KEY_UIApplicationSupportsIndirectInputEvents = YES;
				INFOPLIST_KEY_UILaunchStoryboardName = LaunchScreen;
				INFOPLIST_KEY_UIMainStoryboardFile = Main;
				INFOPLIST_KEY_UISupportedInterfaceOrientations_iPad = "UIInterfaceOrientationPortrait UIInterfaceOrientationPortraitUpsideDown UIInterfaceOrientationLandscapeLeft UIInterfaceOrientationLandscapeRight";
				INFOPLIST_KEY_UISupportedInterfaceOrientations_iPhone = "UIInterfaceOrientationPortrait UIInterfaceOrientationLandscapeLeft UIInterfaceOrientationLandscapeRight";
				LD_RUNPATH_SEARCH_PATHS = (
					"$(inherited)",
					"@executable_path/Frameworks",
				);
				MARKETING_VERSION = 1.0;
				PRODUCT_BUNDLE_IDENTIFIER = com.alperenkavuk.NewsApp;
				PRODUCT_NAME = "$(TARGET_NAME)";
				SWIFT_EMIT_LOC_STRINGS = YES;
				SWIFT_VERSION = 5.0;
				TARGETED_DEVICE_FAMILY = "1,2";
			};
			name = Release;
		};
/* End XCBuildConfiguration section */

/* Begin XCConfigurationList section */
		A225019B29DB1199002B318D /* Build configuration list for PBXProject "NewsApp" */ = {
			isa = XCConfigurationList;
			buildConfigurations = (
				A22501B529DB119A002B318D /* Debug */,
				A22501B629DB119A002B318D /* Release */,
			);
			defaultConfigurationIsVisible = 0;
			defaultConfigurationName = Release;
		};
		A22501B729DB119A002B318D /* Build configuration list for PBXNativeTarget "NewsApp" */ = {
			isa = XCConfigurationList;
			buildConfigurations = (
				A22501B829DB119A002B318D /* Debug */,
				A22501B929DB119A002B318D /* Release */,
			);
			defaultConfigurationIsVisible = 0;
			defaultConfigurationName = Release;
		};
/* End XCConfigurationList section */

/* Begin XCVersionGroup section */
		A22501AC29DB1199002B318D /* NewsApp.xcdatamodeld */ = {
			isa = XCVersionGroup;
			children = (
				A22501AD29DB1199002B318D /* NewsApp.xcdatamodel */,
			);
			currentVersion = A22501AD29DB1199002B318D /* NewsApp.xcdatamodel */;
			path = NewsApp.xcdatamodeld;
			sourceTree = "<group>";
			versionGroupType = wrapper.xcdatamodel;
		};
/* End XCVersionGroup section */
	};
	rootObject = A225019829DB1199002B318D /* Project object */;
}
